
Microsoft Visual Studio Solution File, Format Version 12.00
# Visual Studio 15
VisualStudioVersion = 15.0.27004.2010
MinimumVisualStudioVersion = 10.0.40219.1
Project("{FAE04EC0-301F-11D3-BF4B-00C04F79EFBC}") = "LatLonWCFService", "LatLonWCFService\LatLonWCFService.csproj", "{D4AC1F6F-1180-49AC-9E0D-516383BD9942}"
EndProject
Project("{FAE04EC0-301F-11D3-BF4B-00C04F79EFBC}") = "LatLonServiceContract", "LatLonServiceContract\LatLonServiceContract.csproj", "{0A244978-483D-4E84-B00B-3F5A558E7317}"
EndProject
Project("{FAE04EC0-301F-11D3-BF4B-00C04F79EFBC}") = "LatLongConsoleHost", "LatLongConsoleHost\LatLongConsoleHost.csproj", "{541976EB-8B28-4815-A83A-46695ED89363}"
EndProject
Project("{FAE04EC0-301F-11D3-BF4B-00C04F79EFBC}") = "LatLonWPF", "LatLonWPF\LatLonWPF.csproj", "{03E93E9E-0AEC-44DB-BF97-AF6842ADA6BE}"
EndProject
Global
	GlobalSection(SolutionConfigurationPlatforms) = preSolution
		Debug|Any CPU = Debug|Any CPU
		Release|Any CPU = Release|Any CPU
	EndGlobalSection
	GlobalSection(ProjectConfigurationPlatforms) = postSolution
		{D4AC1F6F-1180-49AC-9E0D-516383BD9942}.Debug|Any CPU.ActiveCfg = Debug|Any CPU
		{D4AC1F6F-1180-49AC-9E0D-516383BD9942}.Debug|Any CPU.Build.0 = Debug|Any CPU
		{D4AC1F6F-1180-49AC-9E0D-516383BD9942}.Release|Any CPU.ActiveCfg = Release|Any CPU
		{D4AC1F6F-1180-49AC-9E0D-516383BD9942}.Release|Any CPU.Build.0 = Release|Any CPU
		{0A244978-483D-4E84-B00B-3F5A558E7317}.Debug|Any CPU.ActiveCfg = Debug|Any CPU
		{0A244978-483D-4E84-B00B-3F5A558E7317}.Debug|Any CPU.Build.0 = Debug|Any CPU
		{0A244978-483D-4E84-B00B-3F5A558E7317}.Release|Any CPU.ActiveCfg = Release|Any CPU
		{0A244978-483D-4E84-B00B-3F5A558E7317}.Release|Any CPU.Build.0 = Release|Any CPU
		{541976EB-8B28-4815-A83A-46695ED89363}.Debug|Any CPU.ActiveCfg = Debug|Any CPU
		{541976EB-8B28-4815-A83A-46695ED89363}.Debug|Any CPU.Build.0 = Debug|Any CPU
		{541976EB-8B28-4815-A83A-46695ED89363}.Release|Any CPU.ActiveCfg = Release|Any CPU
		{541976EB-8B28-4815-A83A-46695ED89363}.Release|Any CPU.Build.0 = Release|Any CPU
		{03E93E9E-0AEC-44DB-BF97-AF6842ADA6BE}.Debug|Any CPU.ActiveCfg = Debug|Any CPU
		{03E93E9E-0AEC-44DB-BF97-AF6842ADA6BE}.Debug|Any CPU.Build.0 = Debug|Any CPU
		{03E93E9E-0AEC-44DB-BF97-AF6842ADA6BE}.Release|Any CPU.ActiveCfg = Release|Any CPU
		{03E93E9E-0AEC-44DB-BF97-AF6842ADA6BE}.Release|Any CPU.Build.0 = Release|Any CPU
	EndGlobalSection
	GlobalSection(SolutionProperties) = preSolution
		HideSolutionNode = FALSE
	EndGlobalSection
	GlobalSection(ExtensibilityGlobals) = postSolution
		SolutionGuid = {800F4E9A-192C-4E56-8B8C-3C4076D35696}
	EndGlobalSection
EndGlobal
